
Microsoft Visual Studio Solution File, Format Version 12.00
# Visual Studio Version 17
VisualStudioVersion = 17.11.35017.193
MinimumVisualStudioVersion = 10.0.40219.1
Project("{9A19103F-16F7-4668-BE54-9A1E7A4F7556}") = "Lib", "Lib\Lib.csproj", "{88E0B8D0-3A1C-4060-B6CF-2326AD577C95}"
EndProject
Project("{9A19103F-16F7-4668-BE54-9A1E7A4F7556}") = "Test", "Test\Test.csproj", "{30B5B615-AC93-407E-801F-DAE57E4B4B3E}"
EndProject
Project("{9A19103F-16F7-4668-BE54-9A1E7A4F7556}") = "AppHost", "AppHost\AppHost.csproj", "{B58CE3A4-63E1-4743-891B-228A2A1BAF6B}"
EndProject
Project("{9A19103F-16F7-4668-BE54-9A1E7A4F7556}") = "ServiceDefaults", "ServiceDefaults\ServiceDefaults.csproj", "{EE6EC036-47F0-4401-AFD4-494A8C823ABF}"
EndProject
Project("{9A19103F-16F7-4668-BE54-9A1E7A4F7556}") = "ApiService", "ApiService\ApiService.csproj", "{CBEB8F75-803A-41F4-B87E-DE5AEFC6B0C1}"
EndProject
Project("{9A19103F-16F7-4668-BE54-9A1E7A4F7556}") = "DbMigrationService", "DbMigrationService\DbMigrationService.csproj", "{028502B6-6E69-41A3-B007-A69880D69C4F}"
EndProject
Project("{9A19103F-16F7-4668-BE54-9A1E7A4F7556}") = "Worker", "Worker\Worker.csproj", "{4785F281-00C5-452F-A276-559A98146221}"
EndProject
Project("{E53339B2-1760-4266-BCC7-CA923CBCF16C}") = "docker-compose", "DockerCompose\docker-compose.dcproj", "{4E7403F3-565C-43D7-9447-42A4BD77325D}"
EndProject
Project("{9A19103F-16F7-4668-BE54-9A1E7A4F7556}") = "Web", "Web\Web.csproj", "{A38C55E9-1400-4577-9F2A-E1894D12EB8C}"
EndProject
Project("{FAE04EC0-301F-11D3-BF4B-00C04F79EFBC}") = "Web2", "Web2\Web2.csproj", "{58BC1465-1F2E-416F-A1EB-9D8FCB41A0BE}"
EndProject
Project("{2150E333-8FDC-42A3-9474-1A3956D46DE8}") = "1壹-Services", "1壹-Services", "{3F9E8777-7D43-4A42-B1A3-2AAEB2515CBA}"
EndProject
Project("{2150E333-8FDC-42A3-9474-1A3956D46DE8}") = "01.ApiService", "01.ApiService", "{AFF8DC4F-2B74-4F88-B56D-9836DFEAE52C}"
EndProject
Project("{2150E333-8FDC-42A3-9474-1A3956D46DE8}") = "02.WorkerService", "02.WorkerService", "{782DF3EA-D636-4CD5-9C5E-8B349FD8F2DB}"
EndProject
Project("{2150E333-8FDC-42A3-9474-1A3956D46DE8}") = "3叁-Web", "3叁-Web", "{181A59F8-33FC-4F20-B856-7CF9721F59DA}"
EndProject
Project("{2150E333-8FDC-42A3-9474-1A3956D46DE8}") = "0零-Shared", "0零-Shared", "{1C8B7C50-52F3-44EE-A37F-5F3E2FEA6ABA}"
EndProject
Project("{2150E333-8FDC-42A3-9474-1A3956D46DE8}") = "2贰-AppHost", "2贰-AppHost", "{BFD34961-A54C-4C87-9500-F2813DB9AA6B}"
EndProject
Project("{FAE04EC0-301F-11D3-BF4B-00C04F79EFBC}") = "ApiService.Client", "ApiService.Client\ApiService.Client.csproj", "{B5A4153C-0F72-45BE-AFAC-7E94B373E09C}"
EndProject
Project("{2150E333-8FDC-42A3-9474-1A3956D46DE8}") = "4肆-Test", "4肆-Test", "{BAD4E6DD-CB92-4264-869B-0FECE96D1517}"
EndProject
Global
	GlobalSection(SolutionConfigurationPlatforms) = preSolution
		Debug|Any CPU = Debug|Any CPU
		Release|Any CPU = Release|Any CPU
	EndGlobalSection
	GlobalSection(ProjectConfigurationPlatforms) = postSolution
		{88E0B8D0-3A1C-4060-B6CF-2326AD577C95}.Debug|Any CPU.ActiveCfg = Debug|Any CPU
		{88E0B8D0-3A1C-4060-B6CF-2326AD577C95}.Debug|Any CPU.Build.0 = Debug|Any CPU
		{88E0B8D0-3A1C-4060-B6CF-2326AD577C95}.Release|Any CPU.ActiveCfg = Release|Any CPU
		{88E0B8D0-3A1C-4060-B6CF-2326AD577C95}.Release|Any CPU.Build.0 = Release|Any CPU
		{30B5B615-AC93-407E-801F-DAE57E4B4B3E}.Debug|Any CPU.ActiveCfg = Debug|Any CPU
		{30B5B615-AC93-407E-801F-DAE57E4B4B3E}.Debug|Any CPU.Build.0 = Debug|Any CPU
		{30B5B615-AC93-407E-801F-DAE57E4B4B3E}.Release|Any CPU.ActiveCfg = Release|Any CPU
		{30B5B615-AC93-407E-801F-DAE57E4B4B3E}.Release|Any CPU.Build.0 = Release|Any CPU
		{B58CE3A4-63E1-4743-891B-228A2A1BAF6B}.Debug|Any CPU.ActiveCfg = Debug|Any CPU
		{B58CE3A4-63E1-4743-891B-228A2A1BAF6B}.Debug|Any CPU.Build.0 = Debug|Any CPU
		{B58CE3A4-63E1-4743-891B-228A2A1BAF6B}.Release|Any CPU.ActiveCfg = Release|Any CPU
		{B58CE3A4-63E1-4743-891B-228A2A1BAF6B}.Release|Any CPU.Build.0 = Release|Any CPU
		{EE6EC036-47F0-4401-AFD4-494A8C823ABF}.Debug|Any CPU.ActiveCfg = Debug|Any CPU
		{EE6EC036-47F0-4401-AFD4-494A8C823ABF}.Debug|Any CPU.Build.0 = Debug|Any CPU
		{EE6EC036-47F0-4401-AFD4-494A8C823ABF}.Release|Any CPU.ActiveCfg = Release|Any CPU
		{EE6EC036-47F0-4401-AFD4-494A8C823ABF}.Release|Any CPU.Build.0 = Release|Any CPU
		{CBEB8F75-803A-41F4-B87E-DE5AEFC6B0C1}.Debug|Any CPU.ActiveCfg = Debug|Any CPU
		{CBEB8F75-803A-41F4-B87E-DE5AEFC6B0C1}.Debug|Any CPU.Build.0 = Debug|Any CPU
		{CBEB8F75-803A-41F4-B87E-DE5AEFC6B0C1}.Release|Any CPU.ActiveCfg = Release|Any CPU
		{CBEB8F75-803A-41F4-B87E-DE5AEFC6B0C1}.Release|Any CPU.Build.0 = Release|Any CPU
		{028502B6-6E69-41A3-B007-A69880D69C4F}.Debug|Any CPU.ActiveCfg = Debug|Any CPU
		{028502B6-6E69-41A3-B007-A69880D69C4F}.Debug|Any CPU.Build.0 = Debug|Any CPU
		{028502B6-6E69-41A3-B007-A69880D69C4F}.Release|Any CPU.ActiveCfg = Release|Any CPU
		{028502B6-6E69-41A3-B007-A69880D69C4F}.Release|Any CPU.Build.0 = Release|Any CPU
		{4785F281-00C5-452F-A276-559A98146221}.Debug|Any CPU.ActiveCfg = Debug|Any CPU
		{4785F281-00C5-452F-A276-559A98146221}.Debug|Any CPU.Build.0 = Debug|Any CPU
		{4785F281-00C5-452F-A276-559A98146221}.Release|Any CPU.ActiveCfg = Release|Any CPU
		{4785F281-00C5-452F-A276-559A98146221}.Release|Any CPU.Build.0 = Release|Any CPU
		{4E7403F3-565C-43D7-9447-42A4BD77325D}.Debug|Any CPU.ActiveCfg = Debug|Any CPU
		{4E7403F3-565C-43D7-9447-42A4BD77325D}.Debug|Any CPU.Build.0 = Debug|Any CPU
		{4E7403F3-565C-43D7-9447-42A4BD77325D}.Release|Any CPU.ActiveCfg = Release|Any CPU
		{4E7403F3-565C-43D7-9447-42A4BD77325D}.Release|Any CPU.Build.0 = Release|Any CPU
		{A38C55E9-1400-4577-9F2A-E1894D12EB8C}.Debug|Any CPU.ActiveCfg = Debug|Any CPU
		{A38C55E9-1400-4577-9F2A-E1894D12EB8C}.Debug|Any CPU.Build.0 = Debug|Any CPU
		{A38C55E9-1400-4577-9F2A-E1894D12EB8C}.Release|Any CPU.ActiveCfg = Release|Any CPU
		{A38C55E9-1400-4577-9F2A-E1894D12EB8C}.Release|Any CPU.Build.0 = Release|Any CPU
		{58BC1465-1F2E-416F-A1EB-9D8FCB41A0BE}.Debug|Any CPU.ActiveCfg = Debug|Any CPU
		{58BC1465-1F2E-416F-A1EB-9D8FCB41A0BE}.Debug|Any CPU.Build.0 = Debug|Any CPU
		{58BC1465-1F2E-416F-A1EB-9D8FCB41A0BE}.Release|Any CPU.ActiveCfg = Release|Any CPU
		{58BC1465-1F2E-416F-A1EB-9D8FCB41A0BE}.Release|Any CPU.Build.0 = Release|Any CPU
		{B5A4153C-0F72-45BE-AFAC-7E94B373E09C}.Debug|Any CPU.ActiveCfg = Debug|Any CPU
		{B5A4153C-0F72-45BE-AFAC-7E94B373E09C}.Debug|Any CPU.Build.0 = Debug|Any CPU
		{B5A4153C-0F72-45BE-AFAC-7E94B373E09C}.Release|Any CPU.ActiveCfg = Release|Any CPU
		{B5A4153C-0F72-45BE-AFAC-7E94B373E09C}.Release|Any CPU.Build.0 = Release|Any CPU
	EndGlobalSection
	GlobalSection(SolutionProperties) = preSolution
		HideSolutionNode = FALSE
	EndGlobalSection
	GlobalSection(ExtensibilityGlobals) = postSolution
		SolutionGuid = {8BAB3EE6-F1AB-46BA-BCC3-926E40E9BF0C}
	EndGlobalSection
	GlobalSection(NestedProjects) = preSolution
		{AFF8DC4F-2B74-4F88-B56D-9836DFEAE52C} = {3F9E8777-7D43-4A42-B1A3-2AAEB2515CBA}
		{CBEB8F75-803A-41F4-B87E-DE5AEFC6B0C1} = {AFF8DC4F-2B74-4F88-B56D-9836DFEAE52C}
		{782DF3EA-D636-4CD5-9C5E-8B349FD8F2DB} = {3F9E8777-7D43-4A42-B1A3-2AAEB2515CBA}
		{4785F281-00C5-452F-A276-559A98146221} = {782DF3EA-D636-4CD5-9C5E-8B349FD8F2DB}
		{A38C55E9-1400-4577-9F2A-E1894D12EB8C} = {181A59F8-33FC-4F20-B856-7CF9721F59DA}
		{58BC1465-1F2E-416F-A1EB-9D8FCB41A0BE} = {181A59F8-33FC-4F20-B856-7CF9721F59DA}
		{B58CE3A4-63E1-4743-891B-228A2A1BAF6B} = {BFD34961-A54C-4C87-9500-F2813DB9AA6B}
		{028502B6-6E69-41A3-B007-A69880D69C4F} = {3F9E8777-7D43-4A42-B1A3-2AAEB2515CBA}
		{88E0B8D0-3A1C-4060-B6CF-2326AD577C95} = {1C8B7C50-52F3-44EE-A37F-5F3E2FEA6ABA}
		{EE6EC036-47F0-4401-AFD4-494A8C823ABF} = {1C8B7C50-52F3-44EE-A37F-5F3E2FEA6ABA}
		{B5A4153C-0F72-45BE-AFAC-7E94B373E09C} = {AFF8DC4F-2B74-4F88-B56D-9836DFEAE52C}
		{30B5B615-AC93-407E-801F-DAE57E4B4B3E} = {BAD4E6DD-CB92-4264-869B-0FECE96D1517}
	EndGlobalSection
EndGlobal
